
Microsoft Visual Studio Solution File, Format Version 11.00
# Visual Studio 2010
Project("{FAE04EC0-301F-11D3-BF4B-00C04F79EFBC}") = "ReferenceUpdater", "ReferenceUpdater\ReferenceUpdater.csproj", "{DD5F2A2E-6DE0-487C-88DB-9B530C670B18}"
EndProject
Project("{FAE04EC0-301F-11D3-BF4B-00C04F79EFBC}") = "ActivityPack", "Activities\ActivityPack.csproj", "{7672BD37-F3AC-4256-86BB-B133C9620863}"
EndProject
Project("{FAE04EC0-301F-11D3-BF4B-00C04F79EFBC}") = "BuildWorkflows", "BuildWorkflows\BuildWorkflows.csproj", "{45629C7F-E3D5-4870-BB32-3CA6252428A1}"
EndProject
Global
	GlobalSection(TeamFoundationVersionControl) = preSolution
		SccNumberOfProjects = 4
		SccEnterpriseProvider = {4CA58AB2-18FA-4F8D-95D4-32DDF27D184C}
		SccTeamFoundationServer = http://devtfs.dev.softmed.com:8080/tfs/defaultcollection
		SccProjectUniqueName0 = ReferenceUpdater\\ReferenceUpdater.csproj
		SccProjectName0 = ReferenceUpdater
		SccLocalPath0 = ReferenceUpdater
		SccProjectUniqueName1 = Activities\\ActivityPack.csproj
		SccProjectName1 = Activities
		SccLocalPath1 = Activities
		SccProjectUniqueName2 = BuildWorkflows\\BuildWorkflows.csproj
		SccProjectName2 = BuildWorkflows
		SccLocalPath2 = BuildWorkflows
		SccLocalPath3 = .
	EndGlobalSection
	GlobalSection(SolutionConfigurationPlatforms) = preSolution
		Debug|Any CPU = Debug|Any CPU
		Release|Any CPU = Release|Any CPU
	EndGlobalSection
	GlobalSection(ProjectConfigurationPlatforms) = postSolution
		{DD5F2A2E-6DE0-487C-88DB-9B530C670B18}.Debug|Any CPU.ActiveCfg = Debug|Any CPU
		{DD5F2A2E-6DE0-487C-88DB-9B530C670B18}.Debug|Any CPU.Build.0 = Debug|Any CPU
		{DD5F2A2E-6DE0-487C-88DB-9B530C670B18}.Release|Any CPU.ActiveCfg = Release|Any CPU
		{DD5F2A2E-6DE0-487C-88DB-9B530C670B18}.Release|Any CPU.Build.0 = Release|Any CPU
		{7672BD37-F3AC-4256-86BB-B133C9620863}.Debug|Any CPU.ActiveCfg = Debug|Any CPU
		{7672BD37-F3AC-4256-86BB-B133C9620863}.Debug|Any CPU.Build.0 = Debug|Any CPU
		{7672BD37-F3AC-4256-86BB-B133C9620863}.Release|Any CPU.ActiveCfg = Release|Any CPU
		{7672BD37-F3AC-4256-86BB-B133C9620863}.Release|Any CPU.Build.0 = Release|Any CPU
		{45629C7F-E3D5-4870-BB32-3CA6252428A1}.Debug|Any CPU.ActiveCfg = Debug|Any CPU
		{45629C7F-E3D5-4870-BB32-3CA6252428A1}.Debug|Any CPU.Build.0 = Debug|Any CPU
		{45629C7F-E3D5-4870-BB32-3CA6252428A1}.Release|Any CPU.ActiveCfg = Release|Any CPU
		{45629C7F-E3D5-4870-BB32-3CA6252428A1}.Release|Any CPU.Build.0 = Release|Any CPU
	EndGlobalSection
	GlobalSection(SolutionProperties) = preSolution
		HideSolutionNode = FALSE
	EndGlobalSection
EndGlobal
